// !$*UTF8*$!
{
	archiveVersion = 1;
	classes = {
	};
	objectVersion = 46;
	objects = {

/* Begin PBXBuildFile section */
		62030C9D2B8DDD4D99F7E3FA /* Pods_TraktTVUITests.framework in Frameworks */ = {isa = PBXBuildFile; fileRef = 52408D6668EF9068FCA0EB50 /* Pods_TraktTVUITests.framework */; };
		C30E59B93F332387E8CF887E /* Pods_TraktTV.framework in Frameworks */ = {isa = PBXBuildFile; fileRef = 4A0D59D2B2DB19A63A5A1E2B /* Pods_TraktTV.framework */; };
		C5983864A15E4A66C31E5E59 /* Pods_TraktTVTests.framework in Frameworks */ = {isa = PBXBuildFile; fileRef = 03B832AF5E8DFC51D05224D7 /* Pods_TraktTVTests.framework */; };
		E26FDCB31F48B40800956302 /* RequestHeader.swift in Sources */ = {isa = PBXBuildFile; fileRef = E26FDCB21F48B40800956302 /* RequestHeader.swift */; };
		E26FDCB51F48B45000956302 /* ResponseHeader.swift in Sources */ = {isa = PBXBuildFile; fileRef = E26FDCB41F48B45000956302 /* ResponseHeader.swift */; };
		E26FDCB71F48B4C700956302 /* DIctionary+UrlEncoder.swift in Sources */ = {isa = PBXBuildFile; fileRef = E26FDCB61F48B4C700956302 /* DIctionary+UrlEncoder.swift */; };
		E26FDCBA1F48B73300956302 /* Movie.swift in Sources */ = {isa = PBXBuildFile; fileRef = E26FDCB91F48B73300956302 /* Movie.swift */; };
		E26FDCBC1F48B7FE00956302 /* IDs.swift in Sources */ = {isa = PBXBuildFile; fileRef = E26FDCBB1F48B7FE00956302 /* IDs.swift */; };
		E27630DC1F4A3D930007ED0E /* URLImage.swift in Sources */ = {isa = PBXBuildFile; fileRef = E27630DB1F4A3D930007ED0E /* URLImage.swift */; };
		E2943F341F48893000E8F20D /* Movies.storyboard in Resources */ = {isa = PBXBuildFile; fileRef = E2943F331F48893000E8F20D /* Movies.storyboard */; };
		E2943F3C1F488A8500E8F20D /* Endpoint.swift in Sources */ = {isa = PBXBuildFile; fileRef = E2943F371F488A8500E8F20D /* Endpoint.swift */; };
		E2943F3D1F488A8500E8F20D /* RequestMethod.swift in Sources */ = {isa = PBXBuildFile; fileRef = E2943F381F488A8500E8F20D /* RequestMethod.swift */; };
		E2943F3E1F488A8500E8F20D /* WebService.swift in Sources */ = {isa = PBXBuildFile; fileRef = E2943F391F488A8500E8F20D /* WebService.swift */; };
		E2943F3F1F488A8500E8F20D /* RequestResult.swift in Sources */ = {isa = PBXBuildFile; fileRef = E2943F3A1F488A8500E8F20D /* RequestResult.swift */; };
		E2943F401F488A8500E8F20D /* RequestEncoding.swift in Sources */ = {isa = PBXBuildFile; fileRef = E2943F3B1F488A8500E8F20D /* RequestEncoding.swift */; };
		E2943F431F488D0900E8F20D /* AppConfig.swift in Sources */ = {isa = PBXBuildFile; fileRef = E2943F421F488D0900E8F20D /* AppConfig.swift */; };
		E2943F4A1F48900800E8F20D /* Gettable.swift in Sources */ = {isa = PBXBuildFile; fileRef = E2943F491F48900800E8F20D /* Gettable.swift */; };
		E2943F4C1F4890D500E8F20D /* MoviesEndpoint.swift in Sources */ = {isa = PBXBuildFile; fileRef = E2943F4B1F4890D500E8F20D /* MoviesEndpoint.swift */; };
		E2943F4E1F48A35900E8F20D /* URLSession+curl.swift in Sources */ = {isa = PBXBuildFile; fileRef = E2943F4D1F48A35900E8F20D /* URLSession+curl.swift */; };
		E2943F501F48A4A000E8F20D /* MoviesListService.swift in Sources */ = {isa = PBXBuildFile; fileRef = E2943F4F1F48A4A000E8F20D /* MoviesListService.swift */; };
		E2943F571F48A66900E8F20D /* Logger.swift in Sources */ = {isa = PBXBuildFile; fileRef = E2943F521F48A66900E8F20D /* Logger.swift */; };
		E2943F581F48A66900E8F20D /* LogLevel.swift in Sources */ = {isa = PBXBuildFile; fileRef = E2943F531F48A66900E8F20D /* LogLevel.swift */; };
		E2943F591F48A66900E8F20D /* LogTag.swift in Sources */ = {isa = PBXBuildFile; fileRef = E2943F541F48A66900E8F20D /* LogTag.swift */; };
		E2943F5A1F48A66900E8F20D /* Loggable.swift in Sources */ = {isa = PBXBuildFile; fileRef = E2943F551F48A66900E8F20D /* Loggable.swift */; };
		E2943F5B1F48A66900E8F20D /* TheLogger.swift in Sources */ = {isa = PBXBuildFile; fileRef = E2943F561F48A66900E8F20D /* TheLogger.swift */; };
		E2943F5D1F48AA0900E8F20D /* HeaderCreator.swift in Sources */ = {isa = PBXBuildFile; fileRef = E2943F5C1F48AA0900E8F20D /* HeaderCreator.swift */; };
		E2972C9C1F48C26200F9DE2D /* MoviesListServiceTests.swift in Sources */ = {isa = PBXBuildFile; fileRef = E2972C9B1F48C26200F9DE2D /* MoviesListServiceTests.swift */; };
		E2972CA21F48CC7800F9DE2D /* MoviesInteractor.swift in Sources */ = {isa = PBXBuildFile; fileRef = E2972C9E1F48CC7800F9DE2D /* MoviesInteractor.swift */; };
		E2972CA31F48CC7800F9DE2D /* MoviesModule.swift in Sources */ = {isa = PBXBuildFile; fileRef = E2972C9F1F48CC7800F9DE2D /* MoviesModule.swift */; };
		E2972CA41F48CC7800F9DE2D /* MoviesView.swift in Sources */ = {isa = PBXBuildFile; fileRef = E2972CA01F48CC7800F9DE2D /* MoviesView.swift */; };
		E2972CA51F48CC7800F9DE2D /* MoviesWireframe.swift in Sources */ = {isa = PBXBuildFile; fileRef = E2972CA11F48CC7800F9DE2D /* MoviesWireframe.swift */; };
		E2972CAB1F48CC8400F9DE2D /* MoviesConfigurator.swift in Sources */ = {isa = PBXBuildFile; fileRef = E2972CA61F48CC8400F9DE2D /* MoviesConfigurator.swift */; };
		E2972CAC1F48CC8400F9DE2D /* MoviesInputInteractor.swift in Sources */ = {isa = PBXBuildFile; fileRef = E2972CA71F48CC8400F9DE2D /* MoviesInputInteractor.swift */; };
		E2972CAD1F48CC8400F9DE2D /* MoviesPresenter.swift in Sources */ = {isa = PBXBuildFile; fileRef = E2972CA81F48CC8400F9DE2D /* MoviesPresenter.swift */; };
		E2972CAE1F48CC8400F9DE2D /* MoviesRouter.swift in Sources */ = {isa = PBXBuildFile; fileRef = E2972CA91F48CC8400F9DE2D /* MoviesRouter.swift */; };
		E2972CAF1F48CC8400F9DE2D /* MoviesViewController.swift in Sources */ = {isa = PBXBuildFile; fileRef = E2972CAA1F48CC8400F9DE2D /* MoviesViewController.swift */; };
		E2972CB21F48D10500F9DE2D /* MoviesTableHandler.swift in Sources */ = {isa = PBXBuildFile; fileRef = E2972CB11F48D10500F9DE2D /* MoviesTableHandler.swift */; };
		E2972CB81F48D30700F9DE2D /* LoadingCell.swift in Sources */ = {isa = PBXBuildFile; fileRef = E2972CB51F48D30700F9DE2D /* LoadingCell.swift */; };
		E2972CB91F48D30700F9DE2D /* LoadingCell.xib in Resources */ = {isa = PBXBuildFile; fileRef = E2972CB61F48D30700F9DE2D /* LoadingCell.xib */; };
		E2972CBC1F48DC2900F9DE2D /* Alertable.swift in Sources */ = {isa = PBXBuildFile; fileRef = E2972CBB1F48DC2900F9DE2D /* Alertable.swift */; };
		E2972CBE1F48DCD800F9DE2D /* AppGenerics.swift in Sources */ = {isa = PBXBuildFile; fileRef = E2972CBD1F48DCD800F9DE2D /* AppGenerics.swift */; };
		E2972CC11F48DDE200F9DE2D /* ImageLoader.swift in Sources */ = {isa = PBXBuildFile; fileRef = E2972CBF1F48DDE200F9DE2D /* ImageLoader.swift */; };
		E2972CC21F48DDE200F9DE2D /* TheImageDownloader.swift in Sources */ = {isa = PBXBuildFile; fileRef = E2972CC01F48DDE200F9DE2D /* TheImageDownloader.swift */; };
		E2972CC51F48E0A500F9DE2D /* UIVIewController+alert.swift in Sources */ = {isa = PBXBuildFile; fileRef = E2972CC41F48E0A500F9DE2D /* UIVIewController+alert.swift */; };
		E2972CC71F48E1FC00F9DE2D /* UITableView+utils.swift in Sources */ = {isa = PBXBuildFile; fileRef = E2972CC61F48E1FC00F9DE2D /* UITableView+utils.swift */; };
		E2972CCF1F48E2B600F9DE2D /* MovieCell.swift in Sources */ = {isa = PBXBuildFile; fileRef = E2972CCD1F48E2B600F9DE2D /* MovieCell.swift */; };
		E2972CD01F48E2B600F9DE2D /* MovieCell.xib in Resources */ = {isa = PBXBuildFile; fileRef = E2972CCE1F48E2B600F9DE2D /* MovieCell.xib */; };
		E2972CD31F49C1D000F9DE2D /* AppMainRouter.swift in Sources */ = {isa = PBXBuildFile; fileRef = E2972CD21F49C1D000F9DE2D /* AppMainRouter.swift */; };
		E2972CD61F49C43600F9DE2D /* StoryboardIdentifier.swift in Sources */ = {isa = PBXBuildFile; fileRef = E2972CD51F49C43600F9DE2D /* StoryboardIdentifier.swift */; };
		E2972CD91F49C48E00F9DE2D /* ConfiguratorError.swift in Sources */ = {isa = PBXBuildFile; fileRef = E2972CD81F49C48E00F9DE2D /* ConfiguratorError.swift */; };
		E2972CDB1F4A2A5800F9DE2D /* TMDBEntity.swift in Sources */ = {isa = PBXBuildFile; fileRef = E2972CDA1F4A2A5800F9DE2D /* TMDBEntity.swift */; };
		E2972CDD1F4A2BD600F9DE2D /* TMDBMovieService.swift in Sources */ = {isa = PBXBuildFile; fileRef = E2972CDC1F4A2BD600F9DE2D /* TMDBMovieService.swift */; };
		E2CCFEB31F48880A00F6E8B7 /* AppDelegate.swift in Sources */ = {isa = PBXBuildFile; fileRef = E2CCFEB21F48880A00F6E8B7 /* AppDelegate.swift */; };
		E2CCFEBA1F48880A00F6E8B7 /* Assets.xcassets in Resources */ = {isa = PBXBuildFile; fileRef = E2CCFEB91F48880A00F6E8B7 /* Assets.xcassets */; };
		E2CCFEBD1F48880A00F6E8B7 /* LaunchScreen.storyboard in Resources */ = {isa = PBXBuildFile; fileRef = E2CCFEBB1F48880A00F6E8B7 /* LaunchScreen.storyboard */; };
		E2CCFEC81F48880A00F6E8B7 /* TraktTVTests.swift in Sources */ = {isa = PBXBuildFile; fileRef = E2CCFEC71F48880A00F6E8B7 /* TraktTVTests.swift */; };
		E2CCFED31F48880B00F6E8B7 /* TraktTVUITests.swift in Sources */ = {isa = PBXBuildFile; fileRef = E2CCFED21F48880B00F6E8B7 /* TraktTVUITests.swift */; };
/* End PBXBuildFile section */

/* Begin PBXContainerItemProxy section */
		E2CCFEC41F48880A00F6E8B7 /* PBXContainerItemProxy */ = {
			isa = PBXContainerItemProxy;
			containerPortal = E2CCFEA71F48880A00F6E8B7 /* Project object */;
			proxyType = 1;
			remoteGlobalIDString = E2CCFEAE1F48880A00F6E8B7;
			remoteInfo = TraktTV;
		};
		E2CCFECF1F48880B00F6E8B7 /* PBXContainerItemProxy */ = {
			isa = PBXContainerItemProxy;
			containerPortal = E2CCFEA71F48880A00F6E8B7 /* Project object */;
			proxyType = 1;
			remoteGlobalIDString = E2CCFEAE1F48880A00F6E8B7;
			remoteInfo = TraktTV;
		};
/* End PBXContainerItemProxy section */

/* Begin PBXFileReference section */
		03B832AF5E8DFC51D05224D7 /* Pods_TraktTVTests.framework */ = {isa = PBXFileReference; explicitFileType = wrapper.framework; includeInIndex = 0; path = Pods_TraktTVTests.framework; sourceTree = BUILT_PRODUCTS_DIR; };
		04C6B0D0BF27377AC0581F67 /* Pods-TraktTVTests.release.xcconfig */ = {isa = PBXFileReference; includeInIndex = 1; lastKnownFileType = text.xcconfig; name = "Pods-TraktTVTests.release.xcconfig"; path = "Pods/Target Support Files/Pods-TraktTVTests/Pods-TraktTVTests.release.xcconfig"; sourceTree = "<group>"; };
		3162AA38BF3AD6FF455DC86B /* Pods-TraktTVUITests.debug.xcconfig */ = {isa = PBXFileReference; includeInIndex = 1; lastKnownFileType = text.xcconfig; name = "Pods-TraktTVUITests.debug.xcconfig"; path = "Pods/Target Support Files/Pods-TraktTVUITests/Pods-TraktTVUITests.debug.xcconfig"; sourceTree = "<group>"; };
		4A0D59D2B2DB19A63A5A1E2B /* Pods_TraktTV.framework */ = {isa = PBXFileReference; explicitFileType = wrapper.framework; includeInIndex = 0; path = Pods_TraktTV.framework; sourceTree = BUILT_PRODUCTS_DIR; };
		52408D6668EF9068FCA0EB50 /* Pods_TraktTVUITests.framework */ = {isa = PBXFileReference; explicitFileType = wrapper.framework; includeInIndex = 0; path = Pods_TraktTVUITests.framework; sourceTree = BUILT_PRODUCTS_DIR; };
		56C15C95CFD059E0912BDCBB /* Pods-TraktTV.debug.xcconfig */ = {isa = PBXFileReference; includeInIndex = 1; lastKnownFileType = text.xcconfig; name = "Pods-TraktTV.debug.xcconfig"; path = "Pods/Target Support Files/Pods-TraktTV/Pods-TraktTV.debug.xcconfig"; sourceTree = "<group>"; };
		6D016797BD3BDA2759EFB829 /* Pods-TraktTVUITests.release.xcconfig */ = {isa = PBXFileReference; includeInIndex = 1; lastKnownFileType = text.xcconfig; name = "Pods-TraktTVUITests.release.xcconfig"; path = "Pods/Target Support Files/Pods-TraktTVUITests/Pods-TraktTVUITests.release.xcconfig"; sourceTree = "<group>"; };
		88F1EC12727FBE403712A119 /* Pods-TraktTVTests.debug.xcconfig */ = {isa = PBXFileReference; includeInIndex = 1; lastKnownFileType = text.xcconfig; name = "Pods-TraktTVTests.debug.xcconfig"; path = "Pods/Target Support Files/Pods-TraktTVTests/Pods-TraktTVTests.debug.xcconfig"; sourceTree = "<group>"; };
		8DC0F531193D2F6CBD6F110C /* Pods-TraktTV.release.xcconfig */ = {isa = PBXFileReference; includeInIndex = 1; lastKnownFileType = text.xcconfig; name = "Pods-TraktTV.release.xcconfig"; path = "Pods/Target Support Files/Pods-TraktTV/Pods-TraktTV.release.xcconfig"; sourceTree = "<group>"; };
		E26FDCB21F48B40800956302 /* RequestHeader.swift */ = {isa = PBXFileReference; fileEncoding = 4; lastKnownFileType = sourcecode.swift; path = RequestHeader.swift; sourceTree = "<group>"; };
		E26FDCB41F48B45000956302 /* ResponseHeader.swift */ = {isa = PBXFileReference; fileEncoding = 4; lastKnownFileType = sourcecode.swift; path = ResponseHeader.swift; sourceTree = "<group>"; };
		E26FDCB61F48B4C700956302 /* DIctionary+UrlEncoder.swift */ = {isa = PBXFileReference; fileEncoding = 4; lastKnownFileType = sourcecode.swift; path = "DIctionary+UrlEncoder.swift"; sourceTree = "<group>"; };
		E26FDCB91F48B73300956302 /* Movie.swift */ = {isa = PBXFileReference; fileEncoding = 4; lastKnownFileType = sourcecode.swift; path = Movie.swift; sourceTree = "<group>"; };
		E26FDCBB1F48B7FE00956302 /* IDs.swift */ = {isa = PBXFileReference; fileEncoding = 4; lastKnownFileType = sourcecode.swift; path = IDs.swift; sourceTree = "<group>"; };
		E27630DB1F4A3D930007ED0E /* URLImage.swift */ = {isa = PBXFileReference; fileEncoding = 4; lastKnownFileType = sourcecode.swift; path = URLImage.swift; sourceTree = "<group>"; };
		E2943F331F48893000E8F20D /* Movies.storyboard */ = {isa = PBXFileReference; fileEncoding = 4; lastKnownFileType = file.storyboard; path = Movies.storyboard; sourceTree = "<group>"; };
		E2943F371F488A8500E8F20D /* Endpoint.swift */ = {isa = PBXFileReference; fileEncoding = 4; lastKnownFileType = sourcecode.swift; path = Endpoint.swift; sourceTree = "<group>"; };
		E2943F381F488A8500E8F20D /* RequestMethod.swift */ = {isa = PBXFileReference; fileEncoding = 4; lastKnownFileType = sourcecode.swift; path = RequestMethod.swift; sourceTree = "<group>"; };
		E2943F391F488A8500E8F20D /* WebService.swift */ = {isa = PBXFileReference; fileEncoding = 4; lastKnownFileType = sourcecode.swift; path = WebService.swift; sourceTree = "<group>"; };
		E2943F3A1F488A8500E8F20D /* RequestResult.swift */ = {isa = PBXFileReference; fileEncoding = 4; lastKnownFileType = sourcecode.swift; path = RequestResult.swift; sourceTree = "<group>"; };
		E2943F3B1F488A8500E8F20D /* RequestEncoding.swift */ = {isa = PBXFileReference; fileEncoding = 4; lastKnownFileType = sourcecode.swift; path = RequestEncoding.swift; sourceTree = "<group>"; };
		E2943F421F488D0900E8F20D /* AppConfig.swift */ = {isa = PBXFileReference; fileEncoding = 4; lastKnownFileType = sourcecode.swift; path = AppConfig.swift; sourceTree = "<group>"; };
		E2943F491F48900800E8F20D /* Gettable.swift */ = {isa = PBXFileReference; fileEncoding = 4; lastKnownFileType = sourcecode.swift; path = Gettable.swift; sourceTree = "<group>"; };
		E2943F4B1F4890D500E8F20D /* MoviesEndpoint.swift */ = {isa = PBXFileReference; fileEncoding = 4; lastKnownFileType = sourcecode.swift; path = MoviesEndpoint.swift; sourceTree = "<group>"; };
		E2943F4D1F48A35900E8F20D /* URLSession+curl.swift */ = {isa = PBXFileReference; fileEncoding = 4; lastKnownFileType = sourcecode.swift; path = "URLSession+curl.swift"; sourceTree = "<group>"; };
		E2943F4F1F48A4A000E8F20D /* MoviesListService.swift */ = {isa = PBXFileReference; fileEncoding = 4; lastKnownFileType = sourcecode.swift; path = MoviesListService.swift; sourceTree = "<group>"; };
		E2943F521F48A66900E8F20D /* Logger.swift */ = {isa = PBXFileReference; fileEncoding = 4; lastKnownFileType = sourcecode.swift; path = Logger.swift; sourceTree = "<group>"; };
		E2943F531F48A66900E8F20D /* LogLevel.swift */ = {isa = PBXFileReference; fileEncoding = 4; lastKnownFileType = sourcecode.swift; path = LogLevel.swift; sourceTree = "<group>"; };
		E2943F541F48A66900E8F20D /* LogTag.swift */ = {isa = PBXFileReference; fileEncoding = 4; lastKnownFileType = sourcecode.swift; path = LogTag.swift; sourceTree = "<group>"; };
		E2943F551F48A66900E8F20D /* Loggable.swift */ = {isa = PBXFileReference; fileEncoding = 4; lastKnownFileType = sourcecode.swift; path = Loggable.swift; sourceTree = "<group>"; };
		E2943F561F48A66900E8F20D /* TheLogger.swift */ = {isa = PBXFileReference; fileEncoding = 4; lastKnownFileType = sourcecode.swift; path = TheLogger.swift; sourceTree = "<group>"; };
		E2943F5C1F48AA0900E8F20D /* HeaderCreator.swift */ = {isa = PBXFileReference; fileEncoding = 4; lastKnownFileType = sourcecode.swift; path = HeaderCreator.swift; sourceTree = "<group>"; };
		E2972C9B1F48C26200F9DE2D /* MoviesListServiceTests.swift */ = {isa = PBXFileReference; fileEncoding = 4; lastKnownFileType = sourcecode.swift; path = MoviesListServiceTests.swift; sourceTree = "<group>"; };
		E2972C9E1F48CC7800F9DE2D /* MoviesInteractor.swift */ = {isa = PBXFileReference; fileEncoding = 4; lastKnownFileType = sourcecode.swift; path = MoviesInteractor.swift; sourceTree = "<group>"; };
		E2972C9F1F48CC7800F9DE2D /* MoviesModule.swift */ = {isa = PBXFileReference; fileEncoding = 4; lastKnownFileType = sourcecode.swift; path = MoviesModule.swift; sourceTree = "<group>"; };
		E2972CA01F48CC7800F9DE2D /* MoviesView.swift */ = {isa = PBXFileReference; fileEncoding = 4; lastKnownFileType = sourcecode.swift; path = MoviesView.swift; sourceTree = "<group>"; };
		E2972CA11F48CC7800F9DE2D /* MoviesWireframe.swift */ = {isa = PBXFileReference; fileEncoding = 4; lastKnownFileType = sourcecode.swift; path = MoviesWireframe.swift; sourceTree = "<group>"; };
		E2972CA61F48CC8400F9DE2D /* MoviesConfigurator.swift */ = {isa = PBXFileReference; fileEncoding = 4; lastKnownFileType = sourcecode.swift; path = MoviesConfigurator.swift; sourceTree = "<group>"; };
		E2972CA71F48CC8400F9DE2D /* MoviesInputInteractor.swift */ = {isa = PBXFileReference; fileEncoding = 4; lastKnownFileType = sourcecode.swift; path = MoviesInputInteractor.swift; sourceTree = "<group>"; };
		E2972CA81F48CC8400F9DE2D /* MoviesPresenter.swift */ = {isa = PBXFileReference; fileEncoding = 4; lastKnownFileType = sourcecode.swift; path = MoviesPresenter.swift; sourceTree = "<group>"; };
		E2972CA91F48CC8400F9DE2D /* MoviesRouter.swift */ = {isa = PBXFileReference; fileEncoding = 4; lastKnownFileType = sourcecode.swift; path = MoviesRouter.swift; sourceTree = "<group>"; };
		E2972CAA1F48CC8400F9DE2D /* MoviesViewController.swift */ = {isa = PBXFileReference; fileEncoding = 4; lastKnownFileType = sourcecode.swift; path = MoviesViewController.swift; sourceTree = "<group>"; };
		E2972CB11F48D10500F9DE2D /* MoviesTableHandler.swift */ = {isa = PBXFileReference; fileEncoding = 4; lastKnownFileType = sourcecode.swift; path = MoviesTableHandler.swift; sourceTree = "<group>"; };
		E2972CB51F48D30700F9DE2D /* LoadingCell.swift */ = {isa = PBXFileReference; fileEncoding = 4; lastKnownFileType = sourcecode.swift; path = LoadingCell.swift; sourceTree = "<group>"; };
		E2972CB61F48D30700F9DE2D /* LoadingCell.xib */ = {isa = PBXFileReference; fileEncoding = 4; lastKnownFileType = file.xib; path = LoadingCell.xib; sourceTree = "<group>"; };
		E2972CBB1F48DC2900F9DE2D /* Alertable.swift */ = {isa = PBXFileReference; fileEncoding = 4; lastKnownFileType = sourcecode.swift; path = Alertable.swift; sourceTree = "<group>"; };
		E2972CBD1F48DCD800F9DE2D /* AppGenerics.swift */ = {isa = PBXFileReference; fileEncoding = 4; lastKnownFileType = sourcecode.swift; path = AppGenerics.swift; sourceTree = "<group>"; };
		E2972CBF1F48DDE200F9DE2D /* ImageLoader.swift */ = {isa = PBXFileReference; fileEncoding = 4; lastKnownFileType = sourcecode.swift; path = ImageLoader.swift; sourceTree = "<group>"; };
		E2972CC01F48DDE200F9DE2D /* TheImageDownloader.swift */ = {isa = PBXFileReference; fileEncoding = 4; lastKnownFileType = sourcecode.swift; path = TheImageDownloader.swift; sourceTree = "<group>"; };
		E2972CC41F48E0A500F9DE2D /* UIVIewController+alert.swift */ = {isa = PBXFileReference; fileEncoding = 4; lastKnownFileType = sourcecode.swift; path = "UIVIewController+alert.swift"; sourceTree = "<group>"; };
		E2972CC61F48E1FC00F9DE2D /* UITableView+utils.swift */ = {isa = PBXFileReference; fileEncoding = 4; lastKnownFileType = sourcecode.swift; path = "UITableView+utils.swift"; sourceTree = "<group>"; };
		E2972CCD1F48E2B600F9DE2D /* MovieCell.swift */ = {isa = PBXFileReference; fileEncoding = 4; lastKnownFileType = sourcecode.swift; path = MovieCell.swift; sourceTree = "<group>"; };
		E2972CCE1F48E2B600F9DE2D /* MovieCell.xib */ = {isa = PBXFileReference; fileEncoding = 4; lastKnownFileType = file.xib; path = MovieCell.xib; sourceTree = "<group>"; };
		E2972CD21F49C1D000F9DE2D /* AppMainRouter.swift */ = {isa = PBXFileReference; fileEncoding = 4; lastKnownFileType = sourcecode.swift; path = AppMainRouter.swift; sourceTree = "<group>"; };
		E2972CD51F49C43600F9DE2D /* StoryboardIdentifier.swift */ = {isa = PBXFileReference; fileEncoding = 4; lastKnownFileType = sourcecode.swift; path = StoryboardIdentifier.swift; sourceTree = "<group>"; };
		E2972CD81F49C48E00F9DE2D /* ConfiguratorError.swift */ = {isa = PBXFileReference; fileEncoding = 4; lastKnownFileType = sourcecode.swift; path = ConfiguratorError.swift; sourceTree = "<group>"; };
		E2972CDA1F4A2A5800F9DE2D /* TMDBEntity.swift */ = {isa = PBXFileReference; fileEncoding = 4; lastKnownFileType = sourcecode.swift; path = TMDBEntity.swift; sourceTree = "<group>"; };
		E2972CDC1F4A2BD600F9DE2D /* TMDBMovieService.swift */ = {isa = PBXFileReference; fileEncoding = 4; lastKnownFileType = sourcecode.swift; path = TMDBMovieService.swift; sourceTree = "<group>"; };
		E2CCFEAF1F48880A00F6E8B7 /* TraktTV.app */ = {isa = PBXFileReference; explicitFileType = wrapper.application; includeInIndex = 0; path = TraktTV.app; sourceTree = BUILT_PRODUCTS_DIR; };
		E2CCFEB21F48880A00F6E8B7 /* AppDelegate.swift */ = {isa = PBXFileReference; lastKnownFileType = sourcecode.swift; path = AppDelegate.swift; sourceTree = "<group>"; };
		E2CCFEB91F48880A00F6E8B7 /* Assets.xcassets */ = {isa = PBXFileReference; lastKnownFileType = folder.assetcatalog; path = Assets.xcassets; sourceTree = "<group>"; };
		E2CCFEBC1F48880A00F6E8B7 /* Base */ = {isa = PBXFileReference; lastKnownFileType = file.storyboard; name = Base; path = Base.lproj/LaunchScreen.storyboard; sourceTree = "<group>"; };
		E2CCFEBE1F48880A00F6E8B7 /* Info.plist */ = {isa = PBXFileReference; lastKnownFileType = text.plist.xml; path = Info.plist; sourceTree = "<group>"; };
		E2CCFEC31F48880A00F6E8B7 /* TraktTVTests.xctest */ = {isa = PBXFileReference; explicitFileType = wrapper.cfbundle; includeInIndex = 0; path = TraktTVTests.xctest; sourceTree = BUILT_PRODUCTS_DIR; };
		E2CCFEC71F48880A00F6E8B7 /* TraktTVTests.swift */ = {isa = PBXFileReference; lastKnownFileType = sourcecode.swift; path = TraktTVTests.swift; sourceTree = "<group>"; };
		E2CCFEC91F48880A00F6E8B7 /* Info.plist */ = {isa = PBXFileReference; lastKnownFileType = text.plist.xml; path = Info.plist; sourceTree = "<group>"; };
		E2CCFECE1F48880B00F6E8B7 /* TraktTVUITests.xctest */ = {isa = PBXFileReference; explicitFileType = wrapper.cfbundle; includeInIndex = 0; path = TraktTVUITests.xctest; sourceTree = BUILT_PRODUCTS_DIR; };
		E2CCFED21F48880B00F6E8B7 /* TraktTVUITests.swift */ = {isa = PBXFileReference; lastKnownFileType = sourcecode.swift; path = TraktTVUITests.swift; sourceTree = "<group>"; };
		E2CCFED41F48880B00F6E8B7 /* Info.plist */ = {isa = PBXFileReference; lastKnownFileType = text.plist.xml; path = Info.plist; sourceTree = "<group>"; };
/* End PBXFileReference section */

/* Begin PBXFrameworksBuildPhase section */
		E2CCFEAC1F48880A00F6E8B7 /* Frameworks */ = {
			isa = PBXFrameworksBuildPhase;
			buildActionMask = 2147483647;
			files = (
				C30E59B93F332387E8CF887E /* Pods_TraktTV.framework in Frameworks */,
			);
			runOnlyForDeploymentPostprocessing = 0;
		};
		E2CCFEC01F48880A00F6E8B7 /* Frameworks */ = {
			isa = PBXFrameworksBuildPhase;
			buildActionMask = 2147483647;
			files = (
				C5983864A15E4A66C31E5E59 /* Pods_TraktTVTests.framework in Frameworks */,
			);
			runOnlyForDeploymentPostprocessing = 0;
		};
		E2CCFECB1F48880B00F6E8B7 /* Frameworks */ = {
			isa = PBXFrameworksBuildPhase;
			buildActionMask = 2147483647;
			files = (
				62030C9D2B8DDD4D99F7E3FA /* Pods_TraktTVUITests.framework in Frameworks */,
			);
			runOnlyForDeploymentPostprocessing = 0;
		};
/* End PBXFrameworksBuildPhase section */

/* Begin PBXGroup section */
		413517FC095120861B805D64 /* Frameworks */ = {
			isa = PBXGroup;
			children = (
				4A0D59D2B2DB19A63A5A1E2B /* Pods_TraktTV.framework */,
				03B832AF5E8DFC51D05224D7 /* Pods_TraktTVTests.framework */,
				52408D6668EF9068FCA0EB50 /* Pods_TraktTVUITests.framework */,
			);
			name = Frameworks;
			sourceTree = "<group>";
		};
		8839BD49DBDD4D6E4045849C /* Pods */ = {
			isa = PBXGroup;
			children = (
				56C15C95CFD059E0912BDCBB /* Pods-TraktTV.debug.xcconfig */,
				8DC0F531193D2F6CBD6F110C /* Pods-TraktTV.release.xcconfig */,
				88F1EC12727FBE403712A119 /* Pods-TraktTVTests.debug.xcconfig */,
				04C6B0D0BF27377AC0581F67 /* Pods-TraktTVTests.release.xcconfig */,
				3162AA38BF3AD6FF455DC86B /* Pods-TraktTVUITests.debug.xcconfig */,
				6D016797BD3BDA2759EFB829 /* Pods-TraktTVUITests.release.xcconfig */,
			);
			name = Pods;
			sourceTree = "<group>";
		};
		E26FDCB81F48B57800956302 /* Model */ = {
			isa = PBXGroup;
			children = (
				E26FDCB91F48B73300956302 /* Movie.swift */,
				E26FDCBB1F48B7FE00956302 /* IDs.swift */,
				E2972CDA1F4A2A5800F9DE2D /* TMDBEntity.swift */,
			);
			path = Model;
			sourceTree = "<group>";
		};
		E2943F301F48887E00E8F20D /* Storyboards */ = {
			isa = PBXGroup;
			children = (
				E2943F331F48893000E8F20D /* Movies.storyboard */,
			);
			path = Storyboards;
			sourceTree = "<group>";
		};
		E2943F311F4888A400E8F20D /* Scenes */ = {
			isa = PBXGroup;
			children = (
				E2972C951F48C18F00F9DE2D /* MoviesList */,
			);
			path = Scenes;
			sourceTree = "<group>";
		};
		E2943F321F4888A800E8F20D /* Common */ = {
			isa = PBXGroup;
			children = (
				E2972CB31F48D2DC00F9DE2D /* Components */,
				E2972CD71F49C46200F9DE2D /* Errors */,
				E2972CD41F49C27200F9DE2D /* Enumerations */,
				E2972CC31F48E08A00F9DE2D /* Extensions */,
				E2943F441F488E4F00E8F20D /* Helpers */,
				E2943F511F48A64F00E8F20D /* Logger */,
				E26FDCB81F48B57800956302 /* Model */,
				E2943F361F488A6800E8F20D /* Networking */,
				E2943F481F488FF100E8F20D /* Protocols */,
			);
			path = Common;
			sourceTree = "<group>";
		};
		E2943F361F488A6800E8F20D /* Networking */ = {
			isa = PBXGroup;
			children = (
				E2943F471F488F7A00E8F20D /* Services */,
				E2943F461F488F7100E8F20D /* Endpoints */,
				E2943F371F488A8500E8F20D /* Endpoint.swift */,
				E2943F381F488A8500E8F20D /* RequestMethod.swift */,
				E2943F391F488A8500E8F20D /* WebService.swift */,
				E2943F3A1F488A8500E8F20D /* RequestResult.swift */,
				E2943F3B1F488A8500E8F20D /* RequestEncoding.swift */,
				E2943F4D1F48A35900E8F20D /* URLSession+curl.swift */,
				E26FDCB61F48B4C700956302 /* DIctionary+UrlEncoder.swift */,
			);
			path = Networking;
			sourceTree = "<group>";
		};
		E2943F411F488CE700E8F20D /* Config */ = {
			isa = PBXGroup;
			children = (
				E2943F421F488D0900E8F20D /* AppConfig.swift */,
				E2972CBD1F48DCD800F9DE2D /* AppGenerics.swift */,
			);
			path = Config;
			sourceTree = "<group>";
		};
		E2943F441F488E4F00E8F20D /* Helpers */ = {
			isa = PBXGroup;
			children = (
				E2943F451F488E7800E8F20D /* ImageLoader */,
				E2943F5C1F48AA0900E8F20D /* HeaderCreator.swift */,
				E26FDCB21F48B40800956302 /* RequestHeader.swift */,
				E26FDCB41F48B45000956302 /* ResponseHeader.swift */,
				E27630DB1F4A3D930007ED0E /* URLImage.swift */,
			);
			path = Helpers;
			sourceTree = "<group>";
		};
		E2943F451F488E7800E8F20D /* ImageLoader */ = {
			isa = PBXGroup;
			children = (
				E2972CBF1F48DDE200F9DE2D /* ImageLoader.swift */,
				E2972CC01F48DDE200F9DE2D /* TheImageDownloader.swift */,
			);
			path = ImageLoader;
			sourceTree = "<group>";
		};
		E2943F461F488F7100E8F20D /* Endpoints */ = {
			isa = PBXGroup;
			children = (
				E2943F4B1F4890D500E8F20D /* MoviesEndpoint.swift */,
			);
			name = Endpoints;
			path = Endpoint;
			sourceTree = "<group>";
		};
		E2943F471F488F7A00E8F20D /* Services */ = {
			isa = PBXGroup;
			children = (
				E2943F4F1F48A4A000E8F20D /* MoviesListService.swift */,
				E2972CDC1F4A2BD600F9DE2D /* TMDBMovieService.swift */,
			);
			path = Services;
			sourceTree = "<group>";
		};
		E2943F481F488FF100E8F20D /* Protocols */ = {
			isa = PBXGroup;
			children = (
				E2972CBB1F48DC2900F9DE2D /* Alertable.swift */,
				E2943F491F48900800E8F20D /* Gettable.swift */,
			);
			path = Protocols;
			sourceTree = "<group>";
		};
		E2943F511F48A64F00E8F20D /* Logger */ = {
			isa = PBXGroup;
			children = (
				E2943F521F48A66900E8F20D /* Logger.swift */,
				E2943F531F48A66900E8F20D /* LogLevel.swift */,
				E2943F541F48A66900E8F20D /* LogTag.swift */,
				E2943F551F48A66900E8F20D /* Loggable.swift */,
				E2943F561F48A66900E8F20D /* TheLogger.swift */,
			);
			path = Logger;
			sourceTree = "<group>";
		};
		E2972C951F48C18F00F9DE2D /* MoviesList */ = {
			isa = PBXGroup;
			children = (
				E2972CC81F48E22300F9DE2D /* Cells */,
				E2972CB01F48D0D500F9DE2D /* Table */,
				E2972C9D1F48C99E00F9DE2D /* Interfaces */,
				E2972CAA1F48CC8400F9DE2D /* MoviesViewController.swift */,
				E2972CA81F48CC8400F9DE2D /* MoviesPresenter.swift */,
				E2972CA71F48CC8400F9DE2D /* MoviesInputInteractor.swift */,
				E2972CA91F48CC8400F9DE2D /* MoviesRouter.swift */,
				E2972CA61F48CC8400F9DE2D /* MoviesConfigurator.swift */,
			);
			name = MoviesList;
			sourceTree = "<group>";
		};
		E2972C961F48C1BD00F9DE2D /* Comon */ = {
			isa = PBXGroup;
			children = (
				E2972C971F48C20100F9DE2D /* Networking */,
			);
			name = Comon;
			path = Common;
			sourceTree = "<group>";
		};
		E2972C971F48C20100F9DE2D /* Networking */ = {
			isa = PBXGroup;
			children = (
				E2972C981F48C21900F9DE2D /* Services */,
			);
			path = Networking;
			sourceTree = "<group>";
		};
		E2972C981F48C21900F9DE2D /* Services */ = {
			isa = PBXGroup;
			children = (
				E2972C9B1F48C26200F9DE2D /* MoviesListServiceTests.swift */,
			);
			path = Services;
			sourceTree = "<group>";
		};
		E2972C9D1F48C99E00F9DE2D /* Interfaces */ = {
			isa = PBXGroup;
			children = (
				E2972CA01F48CC7800F9DE2D /* MoviesView.swift */,
				E2972C9F1F48CC7800F9DE2D /* MoviesModule.swift */,
				E2972C9E1F48CC7800F9DE2D /* MoviesInteractor.swift */,
				E2972CA11F48CC7800F9DE2D /* MoviesWireframe.swift */,
			);
			path = Interfaces;
			sourceTree = "<group>";
		};
		E2972CB01F48D0D500F9DE2D /* Table */ = {
			isa = PBXGroup;
			children = (
				E2972CB11F48D10500F9DE2D /* MoviesTableHandler.swift */,
			);
			path = Table;
			sourceTree = "<group>";
		};
		E2972CB31F48D2DC00F9DE2D /* Components */ = {
			isa = PBXGroup;
			children = (
				E2972CB41F48D2EB00F9DE2D /* Table Cells */,
			);
			path = Components;
			sourceTree = "<group>";
		};
		E2972CB41F48D2EB00F9DE2D /* Table Cells */ = {
			isa = PBXGroup;
			children = (
				E2972CB51F48D30700F9DE2D /* LoadingCell.swift */,
				E2972CB61F48D30700F9DE2D /* LoadingCell.xib */,
			);
			name = "Table Cells";
			path = TableCells;
			sourceTree = "<group>";
		};
		E2972CC31F48E08A00F9DE2D /* Extensions */ = {
			isa = PBXGroup;
			children = (
				E2972CC61F48E1FC00F9DE2D /* UITableView+utils.swift */,
				E2972CC41F48E0A500F9DE2D /* UIVIewController+alert.swift */,
			);
			path = Extensions;
			sourceTree = "<group>";
		};
		E2972CC81F48E22300F9DE2D /* Cells */ = {
			isa = PBXGroup;
			children = (
				E2972CCD1F48E2B600F9DE2D /* MovieCell.swift */,
				E2972CCE1F48E2B600F9DE2D /* MovieCell.xib */,
			);
			path = Cells;
			sourceTree = "<group>";
		};
		E2972CD11F49C16400F9DE2D /* Application */ = {
			isa = PBXGroup;
			children = (
				E2CCFEB21F48880A00F6E8B7 /* AppDelegate.swift */,
				E2972CD21F49C1D000F9DE2D /* AppMainRouter.swift */,
			);
			path = Application;
			sourceTree = "<group>";
		};
		E2972CD41F49C27200F9DE2D /* Enumerations */ = {
			isa = PBXGroup;
			children = (
				E2972CD51F49C43600F9DE2D /* StoryboardIdentifier.swift */,
			);
			name = Enumerations;
			sourceTree = "<group>";
		};
		E2972CD71F49C46200F9DE2D /* Errors */ = {
			isa = PBXGroup;
			children = (
				E2972CD81F49C48E00F9DE2D /* ConfiguratorError.swift */,
			);
			path = Errors;
			sourceTree = "<group>";
		};
		E2CCFEA61F48880A00F6E8B7 = {
			isa = PBXGroup;
			children = (
				E2CCFEB11F48880A00F6E8B7 /* TraktTV */,
				E2CCFEC61F48880A00F6E8B7 /* TraktTVTests */,
				E2CCFED11F48880B00F6E8B7 /* TraktTVUITests */,
				E2CCFEB01F48880A00F6E8B7 /* Products */,
				8839BD49DBDD4D6E4045849C /* Pods */,
				413517FC095120861B805D64 /* Frameworks */,
			);
			sourceTree = "<group>";
		};
		E2CCFEB01F48880A00F6E8B7 /* Products */ = {
			isa = PBXGroup;
			children = (
				E2CCFEAF1F48880A00F6E8B7 /* TraktTV.app */,
				E2CCFEC31F48880A00F6E8B7 /* TraktTVTests.xctest */,
				E2CCFECE1F48880B00F6E8B7 /* TraktTVUITests.xctest */,
			);
			name = Products;
			sourceTree = "<group>";
		};
		E2CCFEB11F48880A00F6E8B7 /* TraktTV */ = {
			isa = PBXGroup;
			children = (
				E2972CD11F49C16400F9DE2D /* Application */,
				E2943F411F488CE700E8F20D /* Config */,
				E2943F321F4888A800E8F20D /* Common */,
				E2943F311F4888A400E8F20D /* Scenes */,
				E2943F301F48887E00E8F20D /* Storyboards */,
				E2CCFEB91F48880A00F6E8B7 /* Assets.xcassets */,
				E2CCFEBB1F48880A00F6E8B7 /* LaunchScreen.storyboard */,
				E2CCFEBE1F48880A00F6E8B7 /* Info.plist */,
			);
			path = TraktTV;
			sourceTree = "<group>";
		};
		E2CCFEC61F48880A00F6E8B7 /* TraktTVTests */ = {
			isa = PBXGroup;
			children = (
				E2972C961F48C1BD00F9DE2D /* Comon */,
				E2CCFEC71F48880A00F6E8B7 /* TraktTVTests.swift */,
				E2CCFEC91F48880A00F6E8B7 /* Info.plist */,
			);
			path = TraktTVTests;
			sourceTree = "<group>";
		};
		E2CCFED11F48880B00F6E8B7 /* TraktTVUITests */ = {
			isa = PBXGroup;
			children = (
				E2CCFED21F48880B00F6E8B7 /* TraktTVUITests.swift */,
				E2CCFED41F48880B00F6E8B7 /* Info.plist */,
			);
			path = TraktTVUITests;
			sourceTree = "<group>";
		};
/* End PBXGroup section */

/* Begin PBXNativeTarget section */
		E2CCFEAE1F48880A00F6E8B7 /* TraktTV */ = {
			isa = PBXNativeTarget;
			buildConfigurationList = E2CCFED71F48880B00F6E8B7 /* Build configuration list for PBXNativeTarget "TraktTV" */;
			buildPhases = (
				727D24A5002C968A84B674CF /* [CP] Check Pods Manifest.lock */,
				E2CCFEAB1F48880A00F6E8B7 /* Sources */,
				E2CCFEAC1F48880A00F6E8B7 /* Frameworks */,
				E2CCFEAD1F48880A00F6E8B7 /* Resources */,
				6B5AF1ED469890F0D1CAFBEF /* [CP] Embed Pods Frameworks */,
				8A1082FEC1AA25B3F8CD9751 /* [CP] Copy Pods Resources */,
			);
			buildRules = (
			);
			dependencies = (
			);
			name = TraktTV;
			productName = TraktTV;
			productReference = E2CCFEAF1F48880A00F6E8B7 /* TraktTV.app */;
			productType = "com.apple.product-type.application";
		};
		E2CCFEC21F48880A00F6E8B7 /* TraktTVTests */ = {
			isa = PBXNativeTarget;
			buildConfigurationList = E2CCFEDA1F48880B00F6E8B7 /* Build configuration list for PBXNativeTarget "TraktTVTests" */;
			buildPhases = (
				D3CA92CB281716A16DB0DBBB /* [CP] Check Pods Manifest.lock */,
				E2CCFEBF1F48880A00F6E8B7 /* Sources */,
				E2CCFEC01F48880A00F6E8B7 /* Frameworks */,
				E2CCFEC11F48880A00F6E8B7 /* Resources */,
				F85E1F442BB21551AB8AF057 /* [CP] Embed Pods Frameworks */,
				4A51E5FB115680BF7D9BE9DE /* [CP] Copy Pods Resources */,
			);
			buildRules = (
			);
			dependencies = (
				E2CCFEC51F48880A00F6E8B7 /* PBXTargetDependency */,
			);
			name = TraktTVTests;
			productName = TraktTVTests;
			productReference = E2CCFEC31F48880A00F6E8B7 /* TraktTVTests.xctest */;
			productType = "com.apple.product-type.bundle.unit-test";
		};
		E2CCFECD1F48880B00F6E8B7 /* TraktTVUITests */ = {
			isa = PBXNativeTarget;
			buildConfigurationList = E2CCFEDD1F48880B00F6E8B7 /* Build configuration list for PBXNativeTarget "TraktTVUITests" */;
			buildPhases = (
				0435DE9CF4C3E882EE5717FD /* [CP] Check Pods Manifest.lock */,
				E2CCFECA1F48880B00F6E8B7 /* Sources */,
				E2CCFECB1F48880B00F6E8B7 /* Frameworks */,
				E2CCFECC1F48880B00F6E8B7 /* Resources */,
				130485ECB8FC08A668F24315 /* [CP] Embed Pods Frameworks */,
				D30E5DA529A7CF10EE6CB51D /* [CP] Copy Pods Resources */,
			);
			buildRules = (
			);
			dependencies = (
				E2CCFED01F48880B00F6E8B7 /* PBXTargetDependency */,
			);
			name = TraktTVUITests;
			productName = TraktTVUITests;
			productReference = E2CCFECE1F48880B00F6E8B7 /* TraktTVUITests.xctest */;
			productType = "com.apple.product-type.bundle.ui-testing";
		};
/* End PBXNativeTarget section */

/* Begin PBXProject section */
		E2CCFEA71F48880A00F6E8B7 /* Project object */ = {
			isa = PBXProject;
			attributes = {
				LastSwiftUpdateCheck = 0830;
				LastUpgradeCheck = 0830;
				ORGANIZATIONNAME = dede.exe;
				TargetAttributes = {
					E2CCFEAE1F48880A00F6E8B7 = {
						CreatedOnToolsVersion = 8.3.3;
						DevelopmentTeam = SD6HQTT68J;
						ProvisioningStyle = Automatic;
					};
					E2CCFEC21F48880A00F6E8B7 = {
						CreatedOnToolsVersion = 8.3.3;
						DevelopmentTeam = SD6HQTT68J;
						ProvisioningStyle = Automatic;
						TestTargetID = E2CCFEAE1F48880A00F6E8B7;
					};
					E2CCFECD1F48880B00F6E8B7 = {
						CreatedOnToolsVersion = 8.3.3;
						DevelopmentTeam = SD6HQTT68J;
						ProvisioningStyle = Automatic;
						TestTargetID = E2CCFEAE1F48880A00F6E8B7;
					};
				};
			};
			buildConfigurationList = E2CCFEAA1F48880A00F6E8B7 /* Build configuration list for PBXProject "TraktTV" */;
			compatibilityVersion = "Xcode 3.2";
			developmentRegion = English;
			hasScannedForEncodings = 0;
			knownRegions = (
				en,
				Base,
			);
			mainGroup = E2CCFEA61F48880A00F6E8B7;
			productRefGroup = E2CCFEB01F48880A00F6E8B7 /* Products */;
			projectDirPath = "";
			projectRoot = "";
			targets = (
				E2CCFEAE1F48880A00F6E8B7 /* TraktTV */,
				E2CCFEC21F48880A00F6E8B7 /* TraktTVTests */,
				E2CCFECD1F48880B00F6E8B7 /* TraktTVUITests */,
			);
		};
/* End PBXProject section */

/* Begin PBXResourcesBuildPhase section */
		E2CCFEAD1F48880A00F6E8B7 /* Resources */ = {
			isa = PBXResourcesBuildPhase;
			buildActionMask = 2147483647;
			files = (
				E2CCFEBD1F48880A00F6E8B7 /* LaunchScreen.storyboard in Resources */,
				E2972CD01F48E2B600F9DE2D /* MovieCell.xib in Resources */,
				E2943F341F48893000E8F20D /* Movies.storyboard in Resources */,
				E2972CB91F48D30700F9DE2D /* LoadingCell.xib in Resources */,
				E2CCFEBA1F48880A00F6E8B7 /* Assets.xcassets in Resources */,
			);
			runOnlyForDeploymentPostprocessing = 0;
		};
		E2CCFEC11F48880A00F6E8B7 /* Resources */ = {
			isa = PBXResourcesBuildPhase;
			buildActionMask = 2147483647;
			files = (
			);
			runOnlyForDeploymentPostprocessing = 0;
		};
		E2CCFECC1F48880B00F6E8B7 /* Resources */ = {
			isa = PBXResourcesBuildPhase;
			buildActionMask = 2147483647;
			files = (
			);
			runOnlyForDeploymentPostprocessing = 0;
		};
/* End PBXResourcesBuildPhase section */

/* Begin PBXShellScriptBuildPhase section */
		0435DE9CF4C3E882EE5717FD /* [CP] Check Pods Manifest.lock */ = {
			isa = PBXShellScriptBuildPhase;
			buildActionMask = 2147483647;
			files = (
			);
			inputPaths = (
			);
			name = "[CP] Check Pods Manifest.lock";
			outputPaths = (
			);
			runOnlyForDeploymentPostprocessing = 0;
			shellPath = /bin/sh;
			shellScript = "diff \"${PODS_PODFILE_DIR_PATH}/Podfile.lock\" \"${PODS_ROOT}/Manifest.lock\" > /dev/null\nif [ $? != 0 ] ; then\n    # print error to STDERR\n    echo \"error: The sandbox is not in sync with the Podfile.lock. Run 'pod install' or update your CocoaPods installation.\" >&2\n    exit 1\nfi\n";
			showEnvVarsInLog = 0;
		};
		130485ECB8FC08A668F24315 /* [CP] Embed Pods Frameworks */ = {
			isa = PBXShellScriptBuildPhase;
			buildActionMask = 2147483647;
			files = (
			);
			inputPaths = (
			);
			name = "[CP] Embed Pods Frameworks";
			outputPaths = (
			);
			runOnlyForDeploymentPostprocessing = 0;
			shellPath = /bin/sh;
			shellScript = "\"${SRCROOT}/Pods/Target Support Files/Pods-TraktTVUITests/Pods-TraktTVUITests-frameworks.sh\"\n";
			showEnvVarsInLog = 0;
		};
		4A51E5FB115680BF7D9BE9DE /* [CP] Copy Pods Resources */ = {
			isa = PBXShellScriptBuildPhase;
			buildActionMask = 2147483647;
			files = (
			);
			inputPaths = (
			);
			name = "[CP] Copy Pods Resources";
			outputPaths = (
			);
			runOnlyForDeploymentPostprocessing = 0;
			shellPath = /bin/sh;
			shellScript = "\"${SRCROOT}/Pods/Target Support Files/Pods-TraktTVTests/Pods-TraktTVTests-resources.sh\"\n";
			showEnvVarsInLog = 0;
		};
		6B5AF1ED469890F0D1CAFBEF /* [CP] Embed Pods Frameworks */ = {
			isa = PBXShellScriptBuildPhase;
			buildActionMask = 2147483647;
			files = (
			);
			inputPaths = (
			);
			name = "[CP] Embed Pods Frameworks";
			outputPaths = (
			);
			runOnlyForDeploymentPostprocessing = 0;
			shellPath = /bin/sh;
			shellScript = "\"${SRCROOT}/Pods/Target Support Files/Pods-TraktTV/Pods-TraktTV-frameworks.sh\"\n";
			showEnvVarsInLog = 0;
		};
		727D24A5002C968A84B674CF /* [CP] Check Pods Manifest.lock */ = {
			isa = PBXShellScriptBuildPhase;
			buildActionMask = 2147483647;
			files = (
			);
			inputPaths = (
			);
			name = "[CP] Check Pods Manifest.lock";
			outputPaths = (
			);
			runOnlyForDeploymentPostprocessing = 0;
			shellPath = /bin/sh;
			shellScript = "diff \"${PODS_PODFILE_DIR_PATH}/Podfile.lock\" \"${PODS_ROOT}/Manifest.lock\" > /dev/null\nif [ $? != 0 ] ; then\n    # print error to STDERR\n    echo \"error: The sandbox is not in sync with the Podfile.lock. Run 'pod install' or update your CocoaPods installation.\" >&2\n    exit 1\nfi\n";
			showEnvVarsInLog = 0;
		};
		8A1082FEC1AA25B3F8CD9751 /* [CP] Copy Pods Resources */ = {
			isa = PBXShellScriptBuildPhase;
			buildActionMask = 2147483647;
			files = (
			);
			inputPaths = (
			);
			name = "[CP] Copy Pods Resources";
			outputPaths = (
			);
			runOnlyForDeploymentPostprocessing = 0;
			shellPath = /bin/sh;
			shellScript = "\"${SRCROOT}/Pods/Target Support Files/Pods-TraktTV/Pods-TraktTV-resources.sh\"\n";
			showEnvVarsInLog = 0;
		};
		D30E5DA529A7CF10EE6CB51D /* [CP] Copy Pods Resources */ = {
			isa = PBXShellScriptBuildPhase;
			buildActionMask = 2147483647;
			files = (
			);
			inputPaths = (
			);
			name = "[CP] Copy Pods Resources";
			outputPaths = (
			);
			runOnlyForDeploymentPostprocessing = 0;
			shellPath = /bin/sh;
			shellScript = "\"${SRCROOT}/Pods/Target Support Files/Pods-TraktTVUITests/Pods-TraktTVUITests-resources.sh\"\n";
			showEnvVarsInLog = 0;
		};
		D3CA92CB281716A16DB0DBBB /* [CP] Check Pods Manifest.lock */ = {
			isa = PBXShellScriptBuildPhase;
			buildActionMask = 2147483647;
			files = (
			);
			inputPaths = (
			);
			name = "[CP] Check Pods Manifest.lock";
			outputPaths = (
			);
			runOnlyForDeploymentPostprocessing = 0;
			shellPath = /bin/sh;
			shellScript = "diff \"${PODS_PODFILE_DIR_PATH}/Podfile.lock\" \"${PODS_ROOT}/Manifest.lock\" > /dev/null\nif [ $? != 0 ] ; then\n    # print error to STDERR\n    echo \"error: The sandbox is not in sync with the Podfile.lock. Run 'pod install' or update your CocoaPods installation.\" >&2\n    exit 1\nfi\n";
			showEnvVarsInLog = 0;
		};
		F85E1F442BB21551AB8AF057 /* [CP] Embed Pods Frameworks */ = {
			isa = PBXShellScriptBuildPhase;
			buildActionMask = 2147483647;
			files = (
			);
			inputPaths = (
			);
			name = "[CP] Embed Pods Frameworks";
			outputPaths = (
			);
			runOnlyForDeploymentPostprocessing = 0;
			shellPath = /bin/sh;
			shellScript = "\"${SRCROOT}/Pods/Target Support Files/Pods-TraktTVTests/Pods-TraktTVTests-frameworks.sh\"\n";
			showEnvVarsInLog = 0;
		};
/* End PBXShellScriptBuildPhase section */

/* Begin PBXSourcesBuildPhase section */
		E2CCFEAB1F48880A00F6E8B7 /* Sources */ = {
			isa = PBXSourcesBuildPhase;
			buildActionMask = 2147483647;
			files = (
				E2943F3F1F488A8500E8F20D /* RequestResult.swift in Sources */,
				E2943F4A1F48900800E8F20D /* Gettable.swift in Sources */,
				E2943F4C1F4890D500E8F20D /* MoviesEndpoint.swift in Sources */,
				E2972CB81F48D30700F9DE2D /* LoadingCell.swift in Sources */,
				E2943F5A1F48A66900E8F20D /* Loggable.swift in Sources */,
				E26FDCB31F48B40800956302 /* RequestHeader.swift in Sources */,
				E2972CBE1F48DCD800F9DE2D /* AppGenerics.swift in Sources */,
				E2972CC51F48E0A500F9DE2D /* UIVIewController+alert.swift in Sources */,
				E2943F591F48A66900E8F20D /* LogTag.swift in Sources */,
				E2972CA31F48CC7800F9DE2D /* MoviesModule.swift in Sources */,
				E2943F501F48A4A000E8F20D /* MoviesListService.swift in Sources */,
				E2943F3C1F488A8500E8F20D /* Endpoint.swift in Sources */,
				E2943F401F488A8500E8F20D /* RequestEncoding.swift in Sources */,
				E2972CCF1F48E2B600F9DE2D /* MovieCell.swift in Sources */,
				E2943F581F48A66900E8F20D /* LogLevel.swift in Sources */,
				E2972CC21F48DDE200F9DE2D /* TheImageDownloader.swift in Sources */,
				E26FDCB51F48B45000956302 /* ResponseHeader.swift in Sources */,
				E2972CB21F48D10500F9DE2D /* MoviesTableHandler.swift in Sources */,
				E2972CAF1F48CC8400F9DE2D /* MoviesViewController.swift in Sources */,
				E2943F431F488D0900E8F20D /* AppConfig.swift in Sources */,
				E2943F571F48A66900E8F20D /* Logger.swift in Sources */,
				E2943F4E1F48A35900E8F20D /* URLSession+curl.swift in Sources */,
				E2972CA41F48CC7800F9DE2D /* MoviesView.swift in Sources */,
				E2972CDD1F4A2BD600F9DE2D /* TMDBMovieService.swift in Sources */,
				E2972CAC1F48CC8400F9DE2D /* MoviesInputInteractor.swift in Sources */,
				E27630DC1F4A3D930007ED0E /* URLImage.swift in Sources */,
				E26FDCBA1F48B73300956302 /* Movie.swift in Sources */,
				E2972CA21F48CC7800F9DE2D /* MoviesInteractor.swift in Sources */,
				E26FDCB71F48B4C700956302 /* DIctionary+UrlEncoder.swift in Sources */,
				E2972CAB1F48CC8400F9DE2D /* MoviesConfigurator.swift in Sources */,
				E2972CAE1F48CC8400F9DE2D /* MoviesRouter.swift in Sources */,
				E2972CC11F48DDE200F9DE2D /* ImageLoader.swift in Sources */,
				E2943F3D1F488A8500E8F20D /* RequestMethod.swift in Sources */,
				E2972CD61F49C43600F9DE2D /* StoryboardIdentifier.swift in Sources */,
				E2943F3E1F488A8500E8F20D /* WebService.swift in Sources */,
				E2972CAD1F48CC8400F9DE2D /* MoviesPresenter.swift in Sources */,
				E2943F5D1F48AA0900E8F20D /* HeaderCreator.swift in Sources */,
				E2972CDB1F4A2A5800F9DE2D /* TMDBEntity.swift in Sources */,
				E2972CD31F49C1D000F9DE2D /* AppMainRouter.swift in Sources */,
				E2972CD91F49C48E00F9DE2D /* ConfiguratorError.swift in Sources */,
				E2972CBC1F48DC2900F9DE2D /* Alertable.swift in Sources */,
				E2943F5B1F48A66900E8F20D /* TheLogger.swift in Sources */,
				E2972CA51F48CC7800F9DE2D /* MoviesWireframe.swift in Sources */,
				E26FDCBC1F48B7FE00956302 /* IDs.swift in Sources */,
				E2CCFEB31F48880A00F6E8B7 /* AppDelegate.swift in Sources */,
				E2972CC71F48E1FC00F9DE2D /* UITableView+utils.swift in Sources */,
			);
			runOnlyForDeploymentPostprocessing = 0;
		};
		E2CCFEBF1F48880A00F6E8B7 /* Sources */ = {
			isa = PBXSourcesBuildPhase;
			buildActionMask = 2147483647;
			files = (
				E2972C9C1F48C26200F9DE2D /* MoviesListServiceTests.swift in Sources */,
				E2CCFEC81F48880A00F6E8B7 /* TraktTVTests.swift in Sources */,
			);
			runOnlyForDeploymentPostprocessing = 0;
		};
		E2CCFECA1F48880B00F6E8B7 /* Sources */ = {
			isa = PBXSourcesBuildPhase;
			buildActionMask = 2147483647;
			files = (
				E2CCFED31F48880B00F6E8B7 /* TraktTVUITests.swift in Sources */,
			);
			runOnlyForDeploymentPostprocessing = 0;
		};
/* End PBXSourcesBuildPhase section */

/* Begin PBXTargetDependency section */
		E2CCFEC51F48880A00F6E8B7 /* PBXTargetDependency */ = {
			isa = PBXTargetDependency;
			target = E2CCFEAE1F48880A00F6E8B7 /* TraktTV */;
			targetProxy = E2CCFEC41F48880A00F6E8B7 /* PBXContainerItemProxy */;
		};
		E2CCFED01F48880B00F6E8B7 /* PBXTargetDependency */ = {
			isa = PBXTargetDependency;
			target = E2CCFEAE1F48880A00F6E8B7 /* TraktTV */;
			targetProxy = E2CCFECF1F48880B00F6E8B7 /* PBXContainerItemProxy */;
		};
/* End PBXTargetDependency section */

/* Begin PBXVariantGroup section */
		E2CCFEBB1F48880A00F6E8B7 /* LaunchScreen.storyboard */ = {
			isa = PBXVariantGroup;
			children = (
				E2CCFEBC1F48880A00F6E8B7 /* Base */,
			);
			name = LaunchScreen.storyboard;
			sourceTree = "<group>";
		};
/* End PBXVariantGroup section */

/* Begin XCBuildConfiguration section */
		E2CCFED51F48880B00F6E8B7 /* Debug */ = {
			isa = XCBuildConfiguration;
			buildSettings = {
				ALWAYS_SEARCH_USER_PATHS = NO;
				CLANG_ANALYZER_NONNULL = YES;
				CLANG_ANALYZER_NUMBER_OBJECT_CONVERSION = YES_AGGRESSIVE;
				CLANG_CXX_LANGUAGE_STANDARD = "gnu++0x";
				CLANG_CXX_LIBRARY = "libc++";
				CLANG_ENABLE_MODULES = YES;
				CLANG_ENABLE_OBJC_ARC = YES;
				CLANG_WARN_BOOL_CONVERSION = YES;
				CLANG_WARN_CONSTANT_CONVERSION = YES;
				CLANG_WARN_DIRECT_OBJC_ISA_USAGE = YES_ERROR;
				CLANG_WARN_DOCUMENTATION_COMMENTS = YES;
				CLANG_WARN_EMPTY_BODY = YES;
				CLANG_WARN_ENUM_CONVERSION = YES;
				CLANG_WARN_INFINITE_RECURSION = YES;
				CLANG_WARN_INT_CONVERSION = YES;
				CLANG_WARN_OBJC_ROOT_CLASS = YES_ERROR;
				CLANG_WARN_SUSPICIOUS_MOVE = YES;
				CLANG_WARN_UNREACHABLE_CODE = YES;
				CLANG_WARN__DUPLICATE_METHOD_MATCH = YES;
				"CODE_SIGN_IDENTITY[sdk=iphoneos*]" = "iPhone Developer";
				COPY_PHASE_STRIP = NO;
				DEBUG_INFORMATION_FORMAT = dwarf;
				ENABLE_STRICT_OBJC_MSGSEND = YES;
				ENABLE_TESTABILITY = YES;
				GCC_C_LANGUAGE_STANDARD = gnu99;
				GCC_DYNAMIC_NO_PIC = NO;
				GCC_NO_COMMON_BLOCKS = YES;
				GCC_OPTIMIZATION_LEVEL = 0;
				GCC_PREPROCESSOR_DEFINITIONS = (
					"DEBUG=1",
					"$(inherited)",
				);
				GCC_WARN_64_TO_32_BIT_CONVERSION = YES;
				GCC_WARN_ABOUT_RETURN_TYPE = YES_ERROR;
				GCC_WARN_UNDECLARED_SELECTOR = YES;
				GCC_WARN_UNINITIALIZED_AUTOS = YES_AGGRESSIVE;
				GCC_WARN_UNUSED_FUNCTION = YES;
				GCC_WARN_UNUSED_VARIABLE = YES;
				IPHONEOS_DEPLOYMENT_TARGET = 10.3;
				MTL_ENABLE_DEBUG_INFO = YES;
				ONLY_ACTIVE_ARCH = YES;
				SDKROOT = iphoneos;
				SWIFT_ACTIVE_COMPILATION_CONDITIONS = DEBUG;
				SWIFT_OPTIMIZATION_LEVEL = "-Onone";
				TARGETED_DEVICE_FAMILY = "1,2";
			};
			name = Debug;
		};
		E2CCFED61F48880B00F6E8B7 /* Release */ = {
			isa = XCBuildConfiguration;
			buildSettings = {
				ALWAYS_SEARCH_USER_PATHS = NO;
				CLANG_ANALYZER_NONNULL = YES;
				CLANG_ANALYZER_NUMBER_OBJECT_CONVERSION = YES_AGGRESSIVE;
				CLANG_CXX_LANGUAGE_STANDARD = "gnu++0x";
				CLANG_CXX_LIBRARY = "libc++";
				CLANG_ENABLE_MODULES = YES;
				CLANG_ENABLE_OBJC_ARC = YES;
				CLANG_WARN_BOOL_CONVERSION = YES;
				CLANG_WARN_CONSTANT_CONVERSION = YES;
				CLANG_WARN_DIRECT_OBJC_ISA_USAGE = YES_ERROR;
				CLANG_WARN_DOCUMENTATION_COMMENTS = YES;
				CLANG_WARN_EMPTY_BODY = YES;
				CLANG_WARN_ENUM_CONVERSION = YES;
				CLANG_WARN_INFINITE_RECURSION = YES;
				CLANG_WARN_INT_CONVERSION = YES;
				CLANG_WARN_OBJC_ROOT_CLASS = YES_ERROR;
				CLANG_WARN_SUSPICIOUS_MOVE = YES;
				CLANG_WARN_UNREACHABLE_CODE = YES;
				CLANG_WARN__DUPLICATE_METHOD_MATCH = YES;
				"CODE_SIGN_IDENTITY[sdk=iphoneos*]" = "iPhone Developer";
				COPY_PHASE_STRIP = NO;
				DEBUG_INFORMATION_FORMAT = "dwarf-with-dsym";
				ENABLE_NS_ASSERTIONS = NO;
				ENABLE_STRICT_OBJC_MSGSEND = YES;
				GCC_C_LANGUAGE_STANDARD = gnu99;
				GCC_NO_COMMON_BLOCKS = YES;
				GCC_WARN_64_TO_32_BIT_CONVERSION = YES;
				GCC_WARN_ABOUT_RETURN_TYPE = YES_ERROR;
				GCC_WARN_UNDECLARED_SELECTOR = YES;
				GCC_WARN_UNINITIALIZED_AUTOS = YES_AGGRESSIVE;
				GCC_WARN_UNUSED_FUNCTION = YES;
				GCC_WARN_UNUSED_VARIABLE = YES;
				IPHONEOS_DEPLOYMENT_TARGET = 10.3;
				MTL_ENABLE_DEBUG_INFO = NO;
				SDKROOT = iphoneos;
				SWIFT_OPTIMIZATION_LEVEL = "-Owholemodule";
				TARGETED_DEVICE_FAMILY = "1,2";
				VALIDATE_PRODUCT = YES;
			};
			name = Release;
		};
		E2CCFED81F48880B00F6E8B7 /* Debug */ = {
			isa = XCBuildConfiguration;
			baseConfigurationReference = 56C15C95CFD059E0912BDCBB /* Pods-TraktTV.debug.xcconfig */;
			buildSettings = {
				ASSETCATALOG_COMPILER_APPICON_NAME = AppIcon;
				DEVELOPMENT_TEAM = SD6HQTT68J;
				INFOPLIST_FILE = TraktTV/Info.plist;
				IPHONEOS_DEPLOYMENT_TARGET = 9.3;
				LD_RUNPATH_SEARCH_PATHS = "$(inherited) @executable_path/Frameworks";
				PRODUCT_BUNDLE_IDENTIFIER = exe.dede.TraktTV;
				PRODUCT_NAME = "$(TARGET_NAME)";
				SWIFT_VERSION = 3.0;
			};
			name = Debug;
		};
		E2CCFED91F48880B00F6E8B7 /* Release */ = {
			isa = XCBuildConfiguration;
			baseConfigurationReference = 8DC0F531193D2F6CBD6F110C /* Pods-TraktTV.release.xcconfig */;
			buildSettings = {
				ASSETCATALOG_COMPILER_APPICON_NAME = AppIcon;
				DEVELOPMENT_TEAM = SD6HQTT68J;
				INFOPLIST_FILE = TraktTV/Info.plist;
				IPHONEOS_DEPLOYMENT_TARGET = 9.3;
				LD_RUNPATH_SEARCH_PATHS = "$(inherited) @executable_path/Frameworks";
				PRODUCT_BUNDLE_IDENTIFIER = exe.dede.TraktTV;
				PRODUCT_NAME = "$(TARGET_NAME)";
				SWIFT_VERSION = 3.0;
			};
			name = Release;
		};
		E2CCFEDB1F48880B00F6E8B7 /* Debug */ = {
			isa = XCBuildConfiguration;
			baseConfigurationReference = 88F1EC12727FBE403712A119 /* Pods-TraktTVTests.debug.xcconfig */;
			buildSettings = {
				ALWAYS_EMBED_SWIFT_STANDARD_LIBRARIES = YES;
				BUNDLE_LOADER = "$(TEST_HOST)";
				DEVELOPMENT_TEAM = SD6HQTT68J;
				INFOPLIST_FILE = TraktTVTests/Info.plist;
				LD_RUNPATH_SEARCH_PATHS = "$(inherited) @executable_path/Frameworks @loader_path/Frameworks";
				PRODUCT_BUNDLE_IDENTIFIER = exe.dede.TraktTVTests;
				PRODUCT_NAME = "$(TARGET_NAME)";
				SWIFT_VERSION = 3.0;
				TEST_HOST = "$(BUILT_PRODUCTS_DIR)/TraktTV.app/TraktTV";
			};
			name = Debug;
		};
		E2CCFEDC1F48880B00F6E8B7 /* Release */ = {
			isa = XCBuildConfiguration;
			baseConfigurationReference = 04C6B0D0BF27377AC0581F67 /* Pods-TraktTVTests.release.xcconfig */;
			buildSettings = {
				ALWAYS_EMBED_SWIFT_STANDARD_LIBRARIES = YES;
				BUNDLE_LOADER = "$(TEST_HOST)";
				DEVELOPMENT_TEAM = SD6HQTT68J;
				INFOPLIST_FILE = TraktTVTests/Info.plist;
				LD_RUNPATH_SEARCH_PATHS = "$(inherited) @executable_path/Frameworks @loader_path/Frameworks";
				PRODUCT_BUNDLE_IDENTIFIER = exe.dede.TraktTVTests;
				PRODUCT_NAME = "$(TARGET_NAME)";
				SWIFT_VERSION = 3.0;
				TEST_HOST = "$(BUILT_PRODUCTS_DIR)/TraktTV.app/TraktTV";
			};
			name = Release;
		};
		E2CCFEDE1F48880B00F6E8B7 /* Debug */ = {
			isa = XCBuildConfiguration;
			baseConfigurationReference = 3162AA38BF3AD6FF455DC86B /* Pods-TraktTVUITests.debug.xcconfig */;
			buildSettings = {
				ALWAYS_EMBED_SWIFT_STANDARD_LIBRARIES = YES;
				DEVELOPMENT_TEAM = SD6HQTT68J;
				INFOPLIST_FILE = TraktTVUITests/Info.plist;
				LD_RUNPATH_SEARCH_PATHS = "$(inherited) @executable_path/Frameworks @loader_path/Frameworks";
				PRODUCT_BUNDLE_IDENTIFIER = exe.dede.TraktTVUITests;
				PRODUCT_NAME = "$(TARGET_NAME)";
				SWIFT_VERSION = 3.0;
				TEST_TARGET_NAME = TraktTV;
			};
			name = Debug;
		};
		E2CCFEDF1F48880B00F6E8B7 /* Release */ = {
			isa = XCBuildConfiguration;
			baseConfigurationReference = 6D016797BD3BDA2759EFB829 /* Pods-TraktTVUITests.release.xcconfig */;
			buildSettings = {
				ALWAYS_EMBED_SWIFT_STANDARD_LIBRARIES = YES;
				DEVELOPMENT_TEAM = SD6HQTT68J;
				INFOPLIST_FILE = TraktTVUITests/Info.plist;
				LD_RUNPATH_SEARCH_PATHS = "$(inherited) @executable_path/Frameworks @loader_path/Frameworks";
				PRODUCT_BUNDLE_IDENTIFIER = exe.dede.TraktTVUITests;
				PRODUCT_NAME = "$(TARGET_NAME)";
				SWIFT_VERSION = 3.0;
				TEST_TARGET_NAME = TraktTV;
			};
			name = Release;
		};
/* End XCBuildConfiguration section */

/* Begin XCConfigurationList section */
		E2CCFEAA1F48880A00F6E8B7 /* Build configuration list for PBXProject "TraktTV" */ = {
			isa = XCConfigurationList;
			buildConfigurations = (
				E2CCFED51F48880B00F6E8B7 /* Debug */,
				E2CCFED61F48880B00F6E8B7 /* Release */,
			);
			defaultConfigurationIsVisible = 0;
			defaultConfigurationName = Release;
		};
		E2CCFED71F48880B00F6E8B7 /* Build configuration list for PBXNativeTarget "TraktTV" */ = {
			isa = XCConfigurationList;
			buildConfigurations = (
				E2CCFED81F48880B00F6E8B7 /* Debug */,
				E2CCFED91F48880B00F6E8B7 /* Release */,
			);
			defaultConfigurationIsVisible = 0;
			defaultConfigurationName = Release;
		};
		E2CCFEDA1F48880B00F6E8B7 /* Build configuration list for PBXNativeTarget "TraktTVTests" */ = {
			isa = XCConfigurationList;
			buildConfigurations = (
				E2CCFEDB1F48880B00F6E8B7 /* Debug */,
				E2CCFEDC1F48880B00F6E8B7 /* Release */,
			);
			defaultConfigurationIsVisible = 0;
			defaultConfigurationName = Release;
		};
		E2CCFEDD1F48880B00F6E8B7 /* Build configuration list for PBXNativeTarget "TraktTVUITests" */ = {
			isa = XCConfigurationList;
			buildConfigurations = (
				E2CCFEDE1F48880B00F6E8B7 /* Debug */,
				E2CCFEDF1F48880B00F6E8B7 /* Release */,
			);
			defaultConfigurationIsVisible = 0;
			defaultConfigurationName = Release;
		};
/* End XCConfigurationList section */
	};
	rootObject = E2CCFEA71F48880A00F6E8B7 /* Project object */;
}
